
Microsoft Visual Studio Solution File, Format Version 12.00
# Visual Studio 15
Project("{FAE04EC0-301F-11D3-BF4B-00C04F79EFBC}") = "Assembly-CSharp", "Assembly-CSharp.csproj", "{46FC95E6-6B7E-39EE-4BBB-7EDD5A14C776}"
EndProject
Project("{FAE04EC0-301F-11D3-BF4B-00C04F79EFBC}") = "Assembly-CSharp-firstpass", "Assembly-CSharp-firstpass.csproj", "{255E69F5-BF3B-75AF-7ED1-8EACA29D06C6}"
EndProject
Project("{FAE04EC0-301F-11D3-BF4B-00C04F79EFBC}") = "Assembly-CSharp-Editor", "Assembly-CSharp-Editor.csproj", "{37F51255-8A15-4FCF-8702-B864B9D477BC}"
EndProject
Global
	GlobalSection(SolutionConfigurationPlatforms) = preSolution
		Debug|Any CPU = Debug|Any CPU
		Release|Any CPU = Release|Any CPU
	EndGlobalSection
	GlobalSection(ProjectConfigurationPlatforms) = postSolution
		{46FC95E6-6B7E-39EE-4BBB-7EDD5A14C776}.Debug|Any CPU.ActiveCfg = Debug|Any CPU
		{46FC95E6-6B7E-39EE-4BBB-7EDD5A14C776}.Debug|Any CPU.Build.0 = Debug|Any CPU
		{46FC95E6-6B7E-39EE-4BBB-7EDD5A14C776}.Release|Any CPU.ActiveCfg = Release|Any CPU
		{46FC95E6-6B7E-39EE-4BBB-7EDD5A14C776}.Release|Any CPU.Build.0 = Release|Any CPU
		{255E69F5-BF3B-75AF-7ED1-8EACA29D06C6}.Debug|Any CPU.ActiveCfg = Debug|Any CPU
		{255E69F5-BF3B-75AF-7ED1-8EACA29D06C6}.Debug|Any CPU.Build.0 = Debug|Any CPU
		{255E69F5-BF3B-75AF-7ED1-8EACA29D06C6}.Release|Any CPU.ActiveCfg = Release|Any CPU
		{255E69F5-BF3B-75AF-7ED1-8EACA29D06C6}.Release|Any CPU.Build.0 = Release|Any CPU
		{37F51255-8A15-4FCF-8702-B864B9D477BC}.Debug|Any CPU.ActiveCfg = Debug|Any CPU
		{37F51255-8A15-4FCF-8702-B864B9D477BC}.Debug|Any CPU.Build.0 = Debug|Any CPU
		{37F51255-8A15-4FCF-8702-B864B9D477BC}.Release|Any CPU.ActiveCfg = Release|Any CPU
		{37F51255-8A15-4FCF-8702-B864B9D477BC}.Release|Any CPU.Build.0 = Release|Any CPU
	EndGlobalSection
	GlobalSection(SolutionProperties) = preSolution
		HideSolutionNode = FALSE
	EndGlobalSection
EndGlobal
